
Microsoft Visual Studio Solution File, Format Version 12.00
# Visual Studio 14
VisualStudioVersion = 14.0.24720.0
MinimumVisualStudioVersion = 10.0.40219.1
Project("{FAE04EC0-301F-11D3-BF4B-00C04F79EFBC}") = "SharePointAddInProviderHosted", "SharePointAddInProviderHosted\SharePointAddInProviderHosted.csproj", "{6AF181FD-772A-41BA-8C62-EC517CC75DF3}"
EndProject
Project("{FAE04EC0-301F-11D3-BF4B-00C04F79EFBC}") = "SharePointAddInProviderHostedWeb", "SharePointAddInProviderHostedWeb\SharePointAddInProviderHostedWeb.csproj", "{D35F2081-E039-4FD5-A9EE-C1F76F33C821}"
EndProject
Global
	GlobalSection(SolutionConfigurationPlatforms) = preSolution
		Debug|Any CPU = Debug|Any CPU
		Release|Any CPU = Release|Any CPU
	EndGlobalSection
	GlobalSection(ProjectConfigurationPlatforms) = postSolution
		{6AF181FD-772A-41BA-8C62-EC517CC75DF3}.Debug|Any CPU.ActiveCfg = Debug|Any CPU
		{6AF181FD-772A-41BA-8C62-EC517CC75DF3}.Debug|Any CPU.Build.0 = Debug|Any CPU
		{6AF181FD-772A-41BA-8C62-EC517CC75DF3}.Debug|Any CPU.Deploy.0 = Debug|Any CPU
		{6AF181FD-772A-41BA-8C62-EC517CC75DF3}.Release|Any CPU.ActiveCfg = Release|Any CPU
		{6AF181FD-772A-41BA-8C62-EC517CC75DF3}.Release|Any CPU.Build.0 = Release|Any CPU
		{6AF181FD-772A-41BA-8C62-EC517CC75DF3}.Release|Any CPU.Deploy.0 = Release|Any CPU
		{D35F2081-E039-4FD5-A9EE-C1F76F33C821}.Debug|Any CPU.ActiveCfg = Debug|Any CPU
		{D35F2081-E039-4FD5-A9EE-C1F76F33C821}.Debug|Any CPU.Build.0 = Debug|Any CPU
		{D35F2081-E039-4FD5-A9EE-C1F76F33C821}.Release|Any CPU.ActiveCfg = Release|Any CPU
		{D35F2081-E039-4FD5-A9EE-C1F76F33C821}.Release|Any CPU.Build.0 = Release|Any CPU
	EndGlobalSection
	GlobalSection(SolutionProperties) = preSolution
		HideSolutionNode = FALSE
	EndGlobalSection
EndGlobal
